
Microsoft Visual Studio Solution File, Format Version 12.00
# Visual Studio Version 17
VisualStudioVersion = 17.8.34511.84
MinimumVisualStudioVersion = 10.0.40219.1
Project("{FAE04EC0-301F-11D3-BF4B-00C04F79EFBC}") = "COMP003A.Assignment4", "COMP003A.Assignment4.csproj", "{D9600DDC-EAA9-459A-B8BA-F3745AD1EA7B}"
EndProject
Global
	GlobalSection(SolutionConfigurationPlatforms) = preSolution
		Debug|Any CPU = Debug|Any CPU
		Release|Any CPU = Release|Any CPU
	EndGlobalSection
	GlobalSection(ProjectConfigurationPlatforms) = postSolution
		{D9600DDC-EAA9-459A-B8BA-F3745AD1EA7B}.Debug|Any CPU.ActiveCfg = Debug|Any CPU
		{D9600DDC-EAA9-459A-B8BA-F3745AD1EA7B}.Debug|Any CPU.Build.0 = Debug|Any CPU
		{D9600DDC-EAA9-459A-B8BA-F3745AD1EA7B}.Release|Any CPU.ActiveCfg = Release|Any CPU
		{D9600DDC-EAA9-459A-B8BA-F3745AD1EA7B}.Release|Any CPU.Build.0 = Release|Any CPU
	EndGlobalSection
	GlobalSection(SolutionProperties) = preSolution
		HideSolutionNode = FALSE
	EndGlobalSection
	GlobalSection(ExtensibilityGlobals) = postSolution
		SolutionGuid = {0C8F0C4C-ECA2-433C-8187-D3CA1D1557D3}
	EndGlobalSection
EndGlobal
